
Microsoft Visual Studio Solution File, Format Version 12.00
# Visual Studio 15
Project("{FAE04EC0-301F-11D3-BF4B-00C04F79EFBC}") = "Assembly-CSharp-Editor", "Assembly-CSharp-Editor.csproj", "{D6F4FA0C-9CF2-D365-A41E-57761C6E0E53}"
EndProject
Project("{FAE04EC0-301F-11D3-BF4B-00C04F79EFBC}") = "Assembly-CSharp", "Assembly-CSharp.csproj", "{61B69BF5-A30A-3718-CF0A-FEDFBCAF2923}"
EndProject
Global
	GlobalSection(SolutionConfigurationPlatforms) = preSolution
		Debug|Any CPU = Debug|Any CPU
		Release|Any CPU = Release|Any CPU
	EndGlobalSection
	GlobalSection(ProjectConfigurationPlatforms) = postSolution
		{D6F4FA0C-9CF2-D365-A41E-57761C6E0E53}.Debug|Any CPU.ActiveCfg = Debug|Any CPU
		{D6F4FA0C-9CF2-D365-A41E-57761C6E0E53}.Debug|Any CPU.Build.0 = Debug|Any CPU
		{D6F4FA0C-9CF2-D365-A41E-57761C6E0E53}.Release|Any CPU.ActiveCfg = Release|Any CPU
		{D6F4FA0C-9CF2-D365-A41E-57761C6E0E53}.Release|Any CPU.Build.0 = Release|Any CPU
		{61B69BF5-A30A-3718-CF0A-FEDFBCAF2923}.Debug|Any CPU.ActiveCfg = Debug|Any CPU
		{61B69BF5-A30A-3718-CF0A-FEDFBCAF2923}.Debug|Any CPU.Build.0 = Debug|Any CPU
		{61B69BF5-A30A-3718-CF0A-FEDFBCAF2923}.Release|Any CPU.ActiveCfg = Release|Any CPU
		{61B69BF5-A30A-3718-CF0A-FEDFBCAF2923}.Release|Any CPU.Build.0 = Release|Any CPU
	EndGlobalSection
	GlobalSection(SolutionProperties) = preSolution
		HideSolutionNode = FALSE
	EndGlobalSection
EndGlobal
